
Microsoft Visual Studio Solution File, Format Version 12.00
# Visual Studio Version 17
VisualStudioVersion = 17.13.35828.75 d17.13
MinimumVisualStudioVersion = 10.0.40219.1
Project("{FAE04EC0-301F-11D3-BF4B-00C04F79EFBC}") = "Tarefas.API", "Tarefas.API.csproj", "{EBA94FBF-A3F2-47B8-8624-CFE3E3FCC85D}"
EndProject
Project("{FAE04EC0-301F-11D3-BF4B-00C04F79EFBC}") = "Tarefas.Communication", "..\Tarefas.Communication\Tarefas.Communication.csproj", "{1BEDAA24-190F-4C17-881F-8DA50D6AFA8B}"
EndProject
Project("{FAE04EC0-301F-11D3-BF4B-00C04F79EFBC}") = "Tarefas.Application", "..\Tarefas.Application\Tarefas.Application.csproj", "{2A1C636D-F036-4330-9EAD-C467F6C7C50C}"
EndProject
Global
	GlobalSection(SolutionConfigurationPlatforms) = preSolution
		Debug|Any CPU = Debug|Any CPU
		Release|Any CPU = Release|Any CPU
	EndGlobalSection
	GlobalSection(ProjectConfigurationPlatforms) = postSolution
		{EBA94FBF-A3F2-47B8-8624-CFE3E3FCC85D}.Debug|Any CPU.ActiveCfg = Debug|Any CPU
		{EBA94FBF-A3F2-47B8-8624-CFE3E3FCC85D}.Debug|Any CPU.Build.0 = Debug|Any CPU
		{EBA94FBF-A3F2-47B8-8624-CFE3E3FCC85D}.Release|Any CPU.ActiveCfg = Release|Any CPU
		{EBA94FBF-A3F2-47B8-8624-CFE3E3FCC85D}.Release|Any CPU.Build.0 = Release|Any CPU
		{1BEDAA24-190F-4C17-881F-8DA50D6AFA8B}.Debug|Any CPU.ActiveCfg = Debug|Any CPU
		{1BEDAA24-190F-4C17-881F-8DA50D6AFA8B}.Debug|Any CPU.Build.0 = Debug|Any CPU
		{1BEDAA24-190F-4C17-881F-8DA50D6AFA8B}.Release|Any CPU.ActiveCfg = Release|Any CPU
		{1BEDAA24-190F-4C17-881F-8DA50D6AFA8B}.Release|Any CPU.Build.0 = Release|Any CPU
		{2A1C636D-F036-4330-9EAD-C467F6C7C50C}.Debug|Any CPU.ActiveCfg = Debug|Any CPU
		{2A1C636D-F036-4330-9EAD-C467F6C7C50C}.Debug|Any CPU.Build.0 = Debug|Any CPU
		{2A1C636D-F036-4330-9EAD-C467F6C7C50C}.Release|Any CPU.ActiveCfg = Release|Any CPU
		{2A1C636D-F036-4330-9EAD-C467F6C7C50C}.Release|Any CPU.Build.0 = Release|Any CPU
	EndGlobalSection
	GlobalSection(SolutionProperties) = preSolution
		HideSolutionNode = FALSE
	EndGlobalSection
	GlobalSection(ExtensibilityGlobals) = postSolution
		SolutionGuid = {2911956B-1B12-4A91-B4A6-D8633006EF22}
	EndGlobalSection
EndGlobal
